Microsoft Visual Studio Solution File, Format Version 11.00
# Visual Studio 2010
Project("{FAE04EC0-301F-11D3-BF4B-00C04F79EFBC}") = "TestDebugVisualizer", "TestDebugVisualizer\TestDebugVisualizer.csproj", "{2ED9DBBF-9874-429E-AC02-BFCFD6C4349D}"
EndProject
Project("{FAE04EC0-301F-11D3-BF4B-00C04F79EFBC}") = "DebugVisualizer", "DebugVisualizer\DebugVisualizer.csproj", "{F9D2D3A4-46BB-480F-B131-ED69F1134B8B}"
	ProjectSection(ProjectDependencies) = postProject
		{617C2C77-0738-44A4-B7BD-29637937D09F} = {617C2C77-0738-44A4-B7BD-29637937D09F}
	EndProjectSection
EndProject
Project("{FAE04EC0-301F-11D3-BF4B-00C04F79EFBC}") = "StandAloneVisualizer", "StandAloneVisualizer\StandAloneVisualizer.csproj", "{62651717-0169-42B6-8642-D41A210653B2}"
EndProject
Project("{FAE04EC0-301F-11D3-BF4B-00C04F79EFBC}") = "TestStandAloneVisualizer", "TestStandAloneVisualizer\TestStandAloneVisualizer.csproj", "{96C6A64D-A7FE-43DA-9D8F-1EE8BA6A579B}"
EndProject
Project("{FAE04EC0-301F-11D3-BF4B-00C04F79EFBC}") = "Visualizer", "Visualizer\Visualizer.csproj", "{617C2C77-0738-44A4-B7BD-29637937D09F}"
EndProject
Project("{FAE04EC0-301F-11D3-BF4B-00C04F79EFBC}") = "FiddlerVisualizer", "FiddlerVisualizer\FiddlerVisualizer.csproj", "{461E4A4E-0DF5-4EF9-8B64-FCE23F2A682F}"
EndProject
Global
	GlobalSection(TeamFoundationVersionControl) = preSolution
		SccNumberOfProjects = 6
		SccEnterpriseProvider = {4CA58AB2-18FA-4F8D-95D4-32DDF27D184C}
		SccTeamFoundationServer = https://tfs08.codeplex.com/
		SccLocalPath0 = .
		SccProjectUniqueName1 = DebugVisualizer\\DebugVisualizer.csproj
		SccProjectName1 = DebugVisualizer
		SccLocalPath1 = DebugVisualizer
		SccProjectUniqueName2 = StandAloneVisualizer\\StandAloneVisualizer.csproj
		SccProjectName2 = StandAloneVisualizer
		SccLocalPath2 = StandAloneVisualizer
		SccProjectUniqueName3 = TestDebugVisualizer\\TestDebugVisualizer.csproj
		SccProjectName3 = TestDebugVisualizer
		SccLocalPath3 = TestDebugVisualizer
		SccProjectUniqueName4 = TestStandAloneVisualizer\\TestStandAloneVisualizer.csproj
		SccProjectName4 = TestStandAloneVisualizer
		SccLocalPath4 = TestStandAloneVisualizer
		SccProjectUniqueName5 = Visualizer\\Visualizer.csproj
		SccProjectName5 = Visualizer
		SccLocalPath5 = Visualizer
	EndGlobalSection
	GlobalSection(SolutionConfigurationPlatforms) = preSolution
		Debug NetModule|Any CPU = Debug NetModule|Any CPU
		Debug|Any CPU = Debug|Any CPU
		Release NetModule|Any CPU = Release NetModule|Any CPU
		Release|Any CPU = Release|Any CPU
	EndGlobalSection
	GlobalSection(ProjectConfigurationPlatforms) = postSolution
		{2ED9DBBF-9874-429E-AC02-BFCFD6C4349D}.Debug NetModule|Any CPU.ActiveCfg = Debug|Any CPU
		{2ED9DBBF-9874-429E-AC02-BFCFD6C4349D}.Debug|Any CPU.ActiveCfg = Debug|Any CPU
		{2ED9DBBF-9874-429E-AC02-BFCFD6C4349D}.Debug|Any CPU.Build.0 = Debug|Any CPU
		{2ED9DBBF-9874-429E-AC02-BFCFD6C4349D}.Release NetModule|Any CPU.ActiveCfg = Release|Any CPU
		{2ED9DBBF-9874-429E-AC02-BFCFD6C4349D}.Release|Any CPU.ActiveCfg = Release|Any CPU
		{2ED9DBBF-9874-429E-AC02-BFCFD6C4349D}.Release|Any CPU.Build.0 = Release|Any CPU
		{F9D2D3A4-46BB-480F-B131-ED69F1134B8B}.Debug NetModule|Any CPU.ActiveCfg = Debug|Any CPU
		{F9D2D3A4-46BB-480F-B131-ED69F1134B8B}.Debug|Any CPU.ActiveCfg = Debug|Any CPU
		{F9D2D3A4-46BB-480F-B131-ED69F1134B8B}.Debug|Any CPU.Build.0 = Debug|Any CPU
		{F9D2D3A4-46BB-480F-B131-ED69F1134B8B}.Release NetModule|Any CPU.ActiveCfg = Release|Any CPU
		{F9D2D3A4-46BB-480F-B131-ED69F1134B8B}.Release|Any CPU.ActiveCfg = Release|Any CPU
		{F9D2D3A4-46BB-480F-B131-ED69F1134B8B}.Release|Any CPU.Build.0 = Release|Any CPU
		{62651717-0169-42B6-8642-D41A210653B2}.Debug NetModule|Any CPU.ActiveCfg = Debug|Any CPU
		{62651717-0169-42B6-8642-D41A210653B2}.Debug|Any CPU.ActiveCfg = Debug|Any CPU
		{62651717-0169-42B6-8642-D41A210653B2}.Debug|Any CPU.Build.0 = Debug|Any CPU
		{62651717-0169-42B6-8642-D41A210653B2}.Release NetModule|Any CPU.ActiveCfg = Release|Any CPU
		{62651717-0169-42B6-8642-D41A210653B2}.Release|Any CPU.ActiveCfg = Release|Any CPU
		{62651717-0169-42B6-8642-D41A210653B2}.Release|Any CPU.Build.0 = Release|Any CPU
		{96C6A64D-A7FE-43DA-9D8F-1EE8BA6A579B}.Debug NetModule|Any CPU.ActiveCfg = Debug|Any CPU
		{96C6A64D-A7FE-43DA-9D8F-1EE8BA6A579B}.Debug|Any CPU.ActiveCfg = Debug|Any CPU
		{96C6A64D-A7FE-43DA-9D8F-1EE8BA6A579B}.Debug|Any CPU.Build.0 = Debug|Any CPU
		{96C6A64D-A7FE-43DA-9D8F-1EE8BA6A579B}.Release NetModule|Any CPU.ActiveCfg = Release|Any CPU
		{96C6A64D-A7FE-43DA-9D8F-1EE8BA6A579B}.Release|Any CPU.ActiveCfg = Release|Any CPU
		{96C6A64D-A7FE-43DA-9D8F-1EE8BA6A579B}.Release|Any CPU.Build.0 = Release|Any CPU
		{617C2C77-0738-44A4-B7BD-29637937D09F}.Debug NetModule|Any CPU.ActiveCfg = Debug NetModule|Any CPU
		{617C2C77-0738-44A4-B7BD-29637937D09F}.Debug NetModule|Any CPU.Build.0 = Debug NetModule|Any CPU
		{617C2C77-0738-44A4-B7BD-29637937D09F}.Debug|Any CPU.ActiveCfg = Debug|Any CPU
		{617C2C77-0738-44A4-B7BD-29637937D09F}.Debug|Any CPU.Build.0 = Debug|Any CPU
		{617C2C77-0738-44A4-B7BD-29637937D09F}.Release NetModule|Any CPU.ActiveCfg = Release Net Module|Any CPU
		{617C2C77-0738-44A4-B7BD-29637937D09F}.Release NetModule|Any CPU.Build.0 = Release Net Module|Any CPU
		{617C2C77-0738-44A4-B7BD-29637937D09F}.Release|Any CPU.ActiveCfg = Release|Any CPU
		{617C2C77-0738-44A4-B7BD-29637937D09F}.Release|Any CPU.Build.0 = Release|Any CPU
		{461E4A4E-0DF5-4EF9-8B64-FCE23F2A682F}.Debug NetModule|Any CPU.ActiveCfg = Debug|Any CPU
		{461E4A4E-0DF5-4EF9-8B64-FCE23F2A682F}.Debug|Any CPU.ActiveCfg = Debug|Any CPU
		{461E4A4E-0DF5-4EF9-8B64-FCE23F2A682F}.Debug|Any CPU.Build.0 = Debug|Any CPU
		{461E4A4E-0DF5-4EF9-8B64-FCE23F2A682F}.Release NetModule|Any CPU.ActiveCfg = Release|Any CPU
		{461E4A4E-0DF5-4EF9-8B64-FCE23F2A682F}.Release|Any CPU.ActiveCfg = Release|Any CPU
		{461E4A4E-0DF5-4EF9-8B64-FCE23F2A682F}.Release|Any CPU.Build.0 = Release|Any CPU
	EndGlobalSection
	GlobalSection(SolutionProperties) = preSolution
		HideSolutionNode = FALSE
	EndGlobalSection
EndGlobal
