Microsoft Visual Studio Solution File, Format Version 10.00
# Visual Studio 2008
Project("{FAE04EC0-301F-11D3-BF4B-00C04F79EFBC}") = "TestDebugVisualizer", "TestDebugVisualizer\TestDebugVisualizer.csproj", "{2ED9DBBF-9874-429E-AC02-BFCFD6C4349D}"
EndProject
Project("{FAE04EC0-301F-11D3-BF4B-00C04F79EFBC}") = "DebugVisualizer", "DebugVisualizer\DebugVisualizer.csproj", "{F9D2D3A4-46BB-480F-B131-ED69F1134B8B}"
EndProject
Project("{FAE04EC0-301F-11D3-BF4B-00C04F79EFBC}") = "Visualizer", "Visualizer\Visualizer.csproj", "{49F5835F-B647-444D-BAAA-6AC39D8DDE59}"
EndProject
Project("{FAE04EC0-301F-11D3-BF4B-00C04F79EFBC}") = "StandAloneVisualizer", "StandAloneVisualizer\StandAloneVisualizer.csproj", "{62651717-0169-42B6-8642-D41A210653B2}"
	ProjectSection(ProjectDependencies) = postProject
		{49F5835F-B647-444D-BAAA-6AC39D8DDE59} = {49F5835F-B647-444D-BAAA-6AC39D8DDE59}
	EndProjectSection
EndProject
Global
	GlobalSection(TeamFoundationVersionControl) = preSolution
		SccNumberOfProjects = 5
		SccEnterpriseProvider = {4CA58AB2-18FA-4F8D-95D4-32DDF27D184C}
		SccTeamFoundationServer = https://tfs08.codeplex.com/
		SccLocalPath0 = .
		SccProjectUniqueName1 = DebugVisualizer\\DebugVisualizer.csproj
		SccProjectName1 = DebugVisualizer
		SccLocalPath1 = DebugVisualizer
		SccProjectUniqueName2 = TestDebugVisualizer\\TestDebugVisualizer.csproj
		SccProjectName2 = TestDebugVisualizer
		SccLocalPath2 = TestDebugVisualizer
		SccProjectUniqueName3 = Visualizer\\Visualizer.csproj
		SccProjectName3 = Visualizer
		SccLocalPath3 = Visualizer
		SccProjectUniqueName4 = StandAloneVisualizer\\StandAloneVisualizer.csproj
		SccProjectName4 = StandAloneVisualizer
		SccLocalPath4 = StandAloneVisualizer
	EndGlobalSection
	GlobalSection(SolutionConfigurationPlatforms) = preSolution
		Debug|Any CPU = Debug|Any CPU
		Release|Any CPU = Release|Any CPU
	EndGlobalSection
	GlobalSection(ProjectConfigurationPlatforms) = postSolution
		{2ED9DBBF-9874-429E-AC02-BFCFD6C4349D}.Debug|Any CPU.ActiveCfg = Debug|Any CPU
		{2ED9DBBF-9874-429E-AC02-BFCFD6C4349D}.Debug|Any CPU.Build.0 = Debug|Any CPU
		{2ED9DBBF-9874-429E-AC02-BFCFD6C4349D}.Release|Any CPU.ActiveCfg = Release|Any CPU
		{2ED9DBBF-9874-429E-AC02-BFCFD6C4349D}.Release|Any CPU.Build.0 = Release|Any CPU
		{F9D2D3A4-46BB-480F-B131-ED69F1134B8B}.Debug|Any CPU.ActiveCfg = Debug|Any CPU
		{F9D2D3A4-46BB-480F-B131-ED69F1134B8B}.Debug|Any CPU.Build.0 = Debug|Any CPU
		{F9D2D3A4-46BB-480F-B131-ED69F1134B8B}.Release|Any CPU.ActiveCfg = Release|Any CPU
		{F9D2D3A4-46BB-480F-B131-ED69F1134B8B}.Release|Any CPU.Build.0 = Release|Any CPU
		{49F5835F-B647-444D-BAAA-6AC39D8DDE59}.Debug|Any CPU.ActiveCfg = Debug|Any CPU
		{49F5835F-B647-444D-BAAA-6AC39D8DDE59}.Debug|Any CPU.Build.0 = Debug|Any CPU
		{49F5835F-B647-444D-BAAA-6AC39D8DDE59}.Release|Any CPU.ActiveCfg = Release|Any CPU
		{49F5835F-B647-444D-BAAA-6AC39D8DDE59}.Release|Any CPU.Build.0 = Release|Any CPU
		{62651717-0169-42B6-8642-D41A210653B2}.Debug|Any CPU.ActiveCfg = Debug|Any CPU
		{62651717-0169-42B6-8642-D41A210653B2}.Debug|Any CPU.Build.0 = Debug|Any CPU
		{62651717-0169-42B6-8642-D41A210653B2}.Release|Any CPU.ActiveCfg = Release|Any CPU
		{62651717-0169-42B6-8642-D41A210653B2}.Release|Any CPU.Build.0 = Release|Any CPU
	EndGlobalSection
	GlobalSection(SolutionProperties) = preSolution
		HideSolutionNode = FALSE
	EndGlobalSection
EndGlobal
